
Microsoft Visual Studio Solution File, Format Version 12.00
# Visual Studio Version 17
VisualStudioVersion = 17.6.33723.286
MinimumVisualStudioVersion = 10.0.40219.1
Project("{FAE04EC0-301F-11D3-BF4B-00C04F79EFBC}") = "AreaPerimeterProgram", "AreaPerimeterProgram\AreaPerimeterProgram.csproj", "{263AFF71-C117-42BC-AB34-19EEA3FB8815}"
EndProject
Global
	GlobalSection(SolutionConfigurationPlatforms) = preSolution
		Debug|Any CPU = Debug|Any CPU
		Release|Any CPU = Release|Any CPU
	EndGlobalSection
	GlobalSection(ProjectConfigurationPlatforms) = postSolution
		{263AFF71-C117-42BC-AB34-19EEA3FB8815}.Debug|Any CPU.ActiveCfg = Debug|Any CPU
		{263AFF71-C117-42BC-AB34-19EEA3FB8815}.Debug|Any CPU.Build.0 = Debug|Any CPU
		{263AFF71-C117-42BC-AB34-19EEA3FB8815}.Release|Any CPU.ActiveCfg = Release|Any CPU
		{263AFF71-C117-42BC-AB34-19EEA3FB8815}.Release|Any CPU.Build.0 = Release|Any CPU
	EndGlobalSection
	GlobalSection(SolutionProperties) = preSolution
		HideSolutionNode = FALSE
	EndGlobalSection
	GlobalSection(ExtensibilityGlobals) = postSolution
		SolutionGuid = {682C588F-82EA-43AF-88A7-30ABFD83BB04}
	EndGlobalSection
EndGlobal
